
Microsoft Visual Studio Solution File, Format Version 12.00
# Visual Studio Version 17
VisualStudioVersion = 17.2.32519.379
MinimumVisualStudioVersion = 10.0.40219.1
Project("{9A19103F-16F7-4668-BE54-9A1E7A4F7556}") = "IEM-verticalizer-controller", "IEM-verticalizer-controller\IEM-verticalizer-controller.csproj", "{A3C9CFEC-5110-4E5E-B118-85356B363A02}"
EndProject
Project("{2150E333-8FDC-42A3-9474-1A3956D46DE8}") = "Solution Items", "Solution Items", "{704A5CB9-6F2A-4161-AAD3-867A0F621FD0}"
	ProjectSection(SolutionItems) = preProject
		.editorconfig = .editorconfig
	EndProjectSection
EndProject
Global
	GlobalSection(SolutionConfigurationPlatforms) = preSolution
		Debug|Any CPU = Debug|Any CPU
		Release|Any CPU = Release|Any CPU
	EndGlobalSection
	GlobalSection(ProjectConfigurationPlatforms) = postSolution
		{A3C9CFEC-5110-4E5E-B118-85356B363A02}.Debug|Any CPU.ActiveCfg = Debug|Any CPU
		{A3C9CFEC-5110-4E5E-B118-85356B363A02}.Debug|Any CPU.Build.0 = Debug|Any CPU
		{A3C9CFEC-5110-4E5E-B118-85356B363A02}.Release|Any CPU.ActiveCfg = Release|Any CPU
		{A3C9CFEC-5110-4E5E-B118-85356B363A02}.Release|Any CPU.Build.0 = Release|Any CPU
	EndGlobalSection
	GlobalSection(SolutionProperties) = preSolution
		HideSolutionNode = FALSE
	EndGlobalSection
	GlobalSection(ExtensibilityGlobals) = postSolution
		SolutionGuid = {FA3947BE-A085-4D50-9968-C34F891BA827}
	EndGlobalSection
EndGlobal
